
Microsoft Visual Studio Solution File, Format Version 12.00
# Visual Studio Version 16
VisualStudioVersion = 16.0.30320.27
MinimumVisualStudioVersion = 10.0.40219.1
Project("{FAE04EC0-301F-11D3-BF4B-00C04F79EFBC}") = "FibonacciSequence", "FibonacciSequence\FibonacciSequence.csproj", "{F3E2CC63-0EDC-4599-A3EF-383DD4475F39}"
EndProject
Global
	GlobalSection(SolutionConfigurationPlatforms) = preSolution
		Debug|Any CPU = Debug|Any CPU
		Release|Any CPU = Release|Any CPU
	EndGlobalSection
	GlobalSection(ProjectConfigurationPlatforms) = postSolution
		{F3E2CC63-0EDC-4599-A3EF-383DD4475F39}.Debug|Any CPU.ActiveCfg = Debug|Any CPU
		{F3E2CC63-0EDC-4599-A3EF-383DD4475F39}.Debug|Any CPU.Build.0 = Debug|Any CPU
		{F3E2CC63-0EDC-4599-A3EF-383DD4475F39}.Release|Any CPU.ActiveCfg = Release|Any CPU
		{F3E2CC63-0EDC-4599-A3EF-383DD4475F39}.Release|Any CPU.Build.0 = Release|Any CPU
	EndGlobalSection
	GlobalSection(SolutionProperties) = preSolution
		HideSolutionNode = FALSE
	EndGlobalSection
	GlobalSection(ExtensibilityGlobals) = postSolution
		SolutionGuid = {DE55BFF3-BF51-4DC0-8AB3-1B4A46C316A5}
	EndGlobalSection
EndGlobal
